
Microsoft Visual Studio Solution File, Format Version 12.00
# Visual Studio Version 17
VisualStudioVersion = 17.6.33829.357
MinimumVisualStudioVersion = 10.0.40219.1
Project("{FAE04EC0-301F-11D3-BF4B-00C04F79EFBC}") = "ASMUD", "ASMUD.csproj", "{96CD78BA-6CC0-406A-BC08-83DEB9AC5DC0}"
EndProject
Global
	GlobalSection(SolutionConfigurationPlatforms) = preSolution
		Debug|Any CPU = Debug|Any CPU
		Release|Any CPU = Release|Any CPU
	EndGlobalSection
	GlobalSection(ProjectConfigurationPlatforms) = postSolution
		{96CD78BA-6CC0-406A-BC08-83DEB9AC5DC0}.Debug|Any CPU.ActiveCfg = Debug|Any CPU
		{96CD78BA-6CC0-406A-BC08-83DEB9AC5DC0}.Debug|Any CPU.Build.0 = Debug|Any CPU
		{96CD78BA-6CC0-406A-BC08-83DEB9AC5DC0}.Release|Any CPU.ActiveCfg = Release|Any CPU
		{96CD78BA-6CC0-406A-BC08-83DEB9AC5DC0}.Release|Any CPU.Build.0 = Release|Any CPU
	EndGlobalSection
	GlobalSection(SolutionProperties) = preSolution
		HideSolutionNode = FALSE
	EndGlobalSection
	GlobalSection(ExtensibilityGlobals) = postSolution
		SolutionGuid = {BA55CADF-A080-47B3-96F9-29326EC8AE1C}
	EndGlobalSection
EndGlobal
